
Microsoft Visual Studio Solution File, Format Version 12.00
# Visual Studio 14
VisualStudioVersion = 14.0.24720.0
MinimumVisualStudioVersion = 10.0.40219.1
Project("{FAE04EC0-301F-11D3-BF4B-00C04F79EFBC}") = "jqGrid", "jqGrid\jqGrid.csproj", "{CC800CB0-78E7-4014-8EE7-E6C47A85F994}"
EndProject
Project("{FAE04EC0-301F-11D3-BF4B-00C04F79EFBC}") = "MvcGrid", "MvcGrid\MvcGrid.csproj", "{DAE958BD-7E15-498E-A12A-85168A773B73}"
EndProject
Global
	GlobalSection(SolutionConfigurationPlatforms) = preSolution
		Debug|Any CPU = Debug|Any CPU
		Release|Any CPU = Release|Any CPU
	EndGlobalSection
	GlobalSection(ProjectConfigurationPlatforms) = postSolution
		{CC800CB0-78E7-4014-8EE7-E6C47A85F994}.Debug|Any CPU.ActiveCfg = Debug|Any CPU
		{CC800CB0-78E7-4014-8EE7-E6C47A85F994}.Debug|Any CPU.Build.0 = Debug|Any CPU
		{CC800CB0-78E7-4014-8EE7-E6C47A85F994}.Release|Any CPU.ActiveCfg = Release|Any CPU
		{CC800CB0-78E7-4014-8EE7-E6C47A85F994}.Release|Any CPU.Build.0 = Release|Any CPU
		{DAE958BD-7E15-498E-A12A-85168A773B73}.Debug|Any CPU.ActiveCfg = Debug|Any CPU
		{DAE958BD-7E15-498E-A12A-85168A773B73}.Debug|Any CPU.Build.0 = Debug|Any CPU
		{DAE958BD-7E15-498E-A12A-85168A773B73}.Release|Any CPU.ActiveCfg = Release|Any CPU
		{DAE958BD-7E15-498E-A12A-85168A773B73}.Release|Any CPU.Build.0 = Release|Any CPU
	EndGlobalSection
	GlobalSection(SolutionProperties) = preSolution
		HideSolutionNode = FALSE
	EndGlobalSection
EndGlobal
